
Microsoft Visual Studio Solution File, Format Version 12.00
# Visual Studio Version 17
VisualStudioVersion = 17.6.33723.286
MinimumVisualStudioVersion = 10.0.40219.1
Project("{8BC9CEB8-8B4A-11D0-8D11-00A0C91BC942}") = "task33", "task33\task33.vcxproj", "{15185E4F-CDF8-41F4-90CF-AEADECBAA11B}"
EndProject
Global
	GlobalSection(SolutionConfigurationPlatforms) = preSolution
		Debug|x64 = Debug|x64
		Debug|x86 = Debug|x86
		Release|x64 = Release|x64
		Release|x86 = Release|x86
	EndGlobalSection
	GlobalSection(ProjectConfigurationPlatforms) = postSolution
		{15185E4F-CDF8-41F4-90CF-AEADECBAA11B}.Debug|x64.ActiveCfg = Debug|x64
		{15185E4F-CDF8-41F4-90CF-AEADECBAA11B}.Debug|x64.Build.0 = Debug|x64
		{15185E4F-CDF8-41F4-90CF-AEADECBAA11B}.Debug|x86.ActiveCfg = Debug|Win32
		{15185E4F-CDF8-41F4-90CF-AEADECBAA11B}.Debug|x86.Build.0 = Debug|Win32
		{15185E4F-CDF8-41F4-90CF-AEADECBAA11B}.Release|x64.ActiveCfg = Release|x64
		{15185E4F-CDF8-41F4-90CF-AEADECBAA11B}.Release|x64.Build.0 = Release|x64
		{15185E4F-CDF8-41F4-90CF-AEADECBAA11B}.Release|x86.ActiveCfg = Release|Win32
		{15185E4F-CDF8-41F4-90CF-AEADECBAA11B}.Release|x86.Build.0 = Release|Win32
	EndGlobalSection
	GlobalSection(SolutionProperties) = preSolution
		HideSolutionNode = FALSE
	EndGlobalSection
	GlobalSection(ExtensibilityGlobals) = postSolution
		SolutionGuid = {E77B6132-3789-4C3C-9843-B21F0DA85A42}
	EndGlobalSection
EndGlobal
